// !$*UTF8*$!
{
	archiveVersion = 1;
	classes = {
	};
	objectVersion = 46;
	objects = {

/* Begin PBXBuildFile section */
		EE4BDF2D1CFEE69400CC8520 /* CustomView.swift in Sources */ = {isa = PBXBuildFile; fileRef = EE4BDF2C1CFEE69400CC8520 /* CustomView.swift */; };
		EEDC57761CF6F3AA002F85CD /* CMPopTipView.swift in Sources */ = {isa = PBXBuildFile; fileRef = EEDC57751CF6F3AA002F85CD /* CMPopTipView.swift */; };
		EEE9AA311CF7E403008DF1CB /* PopViewController.swift in Sources */ = {isa = PBXBuildFile; fileRef = EEE9AA2F1CF7E403008DF1CB /* PopViewController.swift */; };
		EEE9AA321CF7E403008DF1CB /* PopViewController.xib in Resources */ = {isa = PBXBuildFile; fileRef = EEE9AA301CF7E403008DF1CB /* PopViewController.xib */; };
		EEEB3FFF1CF46B8900E0FE38 /* DynamicMenuViewController.m in Sources */ = {isa = PBXBuildFile; fileRef = EEEB3FFE1CF46B8900E0FE38 /* DynamicMenuViewController.m */; };
		EEEB40021CF46BB500E0FE38 /* CircleLHQView.m in Sources */ = {isa = PBXBuildFile; fileRef = EEEB40011CF46BB500E0FE38 /* CircleLHQView.m */; };
		EEEB40221CF473AD00E0FE38 /* OtherViewController.swift in Sources */ = {isa = PBXBuildFile; fileRef = EEEB40041CF473AC00E0FE38 /* OtherViewController.swift */; };
		EEEB40231CF473AD00E0FE38 /* WaterPrinpleViewController.swift in Sources */ = {isa = PBXBuildFile; fileRef = EEEB40061CF473AC00E0FE38 /* WaterPrinpleViewController.swift */; };
		EEEB40241CF473AD00E0FE38 /* AppDelegate.swift in Sources */ = {isa = PBXBuildFile; fileRef = EEEB40081CF473AC00E0FE38 /* AppDelegate.swift */; };
		EEEB40261CF473AD00E0FE38 /* ViewController.swift in Sources */ = {isa = PBXBuildFile; fileRef = EEEB400A1CF473AD00E0FE38 /* ViewController.swift */; };
		EEEB40271CF473AD00E0FE38 /* Assets.xcassets in Resources */ = {isa = PBXBuildFile; fileRef = EEEB400C1CF473AD00E0FE38 /* Assets.xcassets */; };
		EEEB40281CF473AD00E0FE38 /* LaunchScreen.storyboard in Resources */ = {isa = PBXBuildFile; fileRef = EEEB400D1CF473AD00E0FE38 /* LaunchScreen.storyboard */; };
		EEEB40291CF473AD00E0FE38 /* Main.storyboard in Resources */ = {isa = PBXBuildFile; fileRef = EEEB400F1CF473AD00E0FE38 /* Main.storyboard */; };
		EEEBFFAF1CE3099C00852377 /* SwiftWorldTests.swift in Sources */ = {isa = PBXBuildFile; fileRef = EEEBFFAE1CE3099C00852377 /* SwiftWorldTests.swift */; };
		EEEBFFBA1CE3099D00852377 /* SwiftWorldUITests.swift in Sources */ = {isa = PBXBuildFile; fileRef = EEEBFFB91CE3099D00852377 /* SwiftWorldUITests.swift */; };
		EEEE01791CFECD000064439A /* HMCommonViewController.m in Sources */ = {isa = PBXBuildFile; fileRef = EEEE01661CFECD000064439A /* HMCommonViewController.m */; };
		EEEE017A1CFECD000064439A /* HMCommonArrowItem.m in Sources */ = {isa = PBXBuildFile; fileRef = EEEE01691CFECD000064439A /* HMCommonArrowItem.m */; };
		EEEE017B1CFECD000064439A /* HMCommonCenterItem.m in Sources */ = {isa = PBXBuildFile; fileRef = EEEE016B1CFECD000064439A /* HMCommonCenterItem.m */; };
		EEEE017C1CFECD000064439A /* HMCommonGroup.m in Sources */ = {isa = PBXBuildFile; fileRef = EEEE016D1CFECD000064439A /* HMCommonGroup.m */; };
		EEEE017D1CFECD000064439A /* HMCommonItem.m in Sources */ = {isa = PBXBuildFile; fileRef = EEEE016F1CFECD000064439A /* HMCommonItem.m */; };
		EEEE017E1CFECD000064439A /* HMCommonLabelItem.m in Sources */ = {isa = PBXBuildFile; fileRef = EEEE01711CFECD000064439A /* HMCommonLabelItem.m */; };
		EEEE017F1CFECD000064439A /* HMCommonSwitchItem.m in Sources */ = {isa = PBXBuildFile; fileRef = EEEE01731CFECD000064439A /* HMCommonSwitchItem.m */; };
		EEEE01801CFECD000064439A /* HMBadgeView.m in Sources */ = {isa = PBXBuildFile; fileRef = EEEE01761CFECD000064439A /* HMBadgeView.m */; };
		EEEE01811CFECD000064439A /* HMCommonCell.m in Sources */ = {isa = PBXBuildFile; fileRef = EEEE01781CFECD000064439A /* HMCommonCell.m */; };
		EEEE01831CFECD390064439A /* TableViewModelController.swift in Sources */ = {isa = PBXBuildFile; fileRef = EEEE01821CFECD390064439A /* TableViewModelController.swift */; };
		EEEE01851CFED2240064439A /* CellPopViewController.swift in Sources */ = {isa = PBXBuildFile; fileRef = EEEE01841CFED2240064439A /* CellPopViewController.swift */; };
		EEEE018B1CFED60A0064439A /* Foundation+Log.m in Sources */ = {isa = PBXBuildFile; fileRef = EEEE01861CFED60A0064439A /* Foundation+Log.m */; };
		EEEE018C1CFED60A0064439A /* NSDate+MJ.m in Sources */ = {isa = PBXBuildFile; fileRef = EEEE01881CFED60A0064439A /* NSDate+MJ.m */; };
		EEEE01901CFED6D60064439A /* NSString+Extension.m in Sources */ = {isa = PBXBuildFile; fileRef = EEEE018F1CFED6D60064439A /* NSString+Extension.m */; };
		EEF1F9A71CFBD4C30080BEFD /* UIBarButtonItem+Extension.m in Sources */ = {isa = PBXBuildFile; fileRef = EEF1F9A21CFBD4C30080BEFD /* UIBarButtonItem+Extension.m */; };
		EEF1F9A81CFBD4C30080BEFD /* UIImage+Extension.m in Sources */ = {isa = PBXBuildFile; fileRef = EEF1F9A41CFBD4C30080BEFD /* UIImage+Extension.m */; };
		EEF1F9A91CFBD4C30080BEFD /* UIView+Extension.m in Sources */ = {isa = PBXBuildFile; fileRef = EEF1F9A61CFBD4C30080BEFD /* UIView+Extension.m */; };
		EEF1F9B91CFBD4D20080BEFD /* HMMainViewController.m in Sources */ = {isa = PBXBuildFile; fileRef = EEF1F9AD1CFBD4D20080BEFD /* HMMainViewController.m */; };
		EEF1F9BA1CFBD4D20080BEFD /* HMNavigationController.m in Sources */ = {isa = PBXBuildFile; fileRef = EEF1F9AF1CFBD4D20080BEFD /* HMNavigationController.m */; };
		EEF1F9BB1CFBD4D20080BEFD /* HMNewsViewController.m in Sources */ = {isa = PBXBuildFile; fileRef = EEF1F9B11CFBD4D20080BEFD /* HMNewsViewController.m */; };
		EEF1F9BC1CFBD4D20080BEFD /* HMReadingViewController.m in Sources */ = {isa = PBXBuildFile; fileRef = EEF1F9B31CFBD4D20080BEFD /* HMReadingViewController.m */; };
		EEF1F9BD1CFBD4D20080BEFD /* HMLeftMenu.m in Sources */ = {isa = PBXBuildFile; fileRef = EEF1F9B61CFBD4D20080BEFD /* HMLeftMenu.m */; };
		EEF1F9BE1CFBD4D20080BEFD /* HMTitleView.m in Sources */ = {isa = PBXBuildFile; fileRef = EEF1F9B81CFBD4D20080BEFD /* HMTitleView.m */; };
		EEF1F9C71CFC36670080BEFD /* DataViewController.swift in Sources */ = {isa = PBXBuildFile; fileRef = EEF1F9C61CFC36670080BEFD /* DataViewController.swift */; };
		EEF1F9C91CFC36EB0080BEFD /* BookModel.swift in Sources */ = {isa = PBXBuildFile; fileRef = EEF1F9C81CFC36EB0080BEFD /* BookModel.swift */; };
/* End PBXBuildFile section */

/* Begin PBXContainerItemProxy section */
		EEEBFFAB1CE3099C00852377 /* PBXContainerItemProxy */ = {
			isa = PBXContainerItemProxy;
			containerPortal = EEEBFF8E1CE3099C00852377 /* Project object */;
			proxyType = 1;
			remoteGlobalIDString = EEEBFF951CE3099C00852377;
			remoteInfo = SwiftWorld;
		};
		EEEBFFB61CE3099C00852377 /* PBXContainerItemProxy */ = {
			isa = PBXContainerItemProxy;
			containerPortal = EEEBFF8E1CE3099C00852377 /* Project object */;
			proxyType = 1;
			remoteGlobalIDString = EEEBFF951CE3099C00852377;
			remoteInfo = SwiftWorld;
		};
/* End PBXContainerItemProxy section */

/* Begin PBXCopyFilesBuildPhase section */
		EEDC56D81CF69F3E002F85CD /* Embed Frameworks */ = {
			isa = PBXCopyFilesBuildPhase;
			buildActionMask = 12;
			dstPath = "";
			dstSubfolderSpec = 10;
			files = (
			);
			name = "Embed Frameworks";
			runOnlyForDeploymentPostprocessing = 0;
		};
/* End PBXCopyFilesBuildPhase section */

/* Begin PBXFileReference section */
		EE4BDF2C1CFEE69400CC8520 /* CustomView.swift */ = {isa = PBXFileReference; fileEncoding = 4; lastKnownFileType = sourcecode.swift; path = CustomView.swift; sourceTree = "<group>"; };
		EEDC57751CF6F3AA002F85CD /* CMPopTipView.swift */ = {isa = PBXFileReference; fileEncoding = 4; lastKnownFileType = sourcecode.swift; path = CMPopTipView.swift; sourceTree = "<group>"; };
		EEE9AA2F1CF7E403008DF1CB /* PopViewController.swift */ = {isa = PBXFileReference; fileEncoding = 4; lastKnownFileType = sourcecode.swift; path = PopViewController.swift; sourceTree = "<group>"; };
		EEE9AA301CF7E403008DF1CB /* PopViewController.xib */ = {isa = PBXFileReference; fileEncoding = 4; lastKnownFileType = file.xib; path = PopViewController.xib; sourceTree = "<group>"; };
		EEEB3FFC1CF46B8800E0FE38 /* SwiftWorld-Bridging-Header.h */ = {isa = PBXFileReference; lastKnownFileType = sourcecode.c.h; path = "SwiftWorld-Bridging-Header.h"; sourceTree = "<group>"; };
		EEEB3FFD1CF46B8900E0FE38 /* DynamicMenuViewController.h */ = {isa = PBXFileReference; fileEncoding = 4; lastKnownFileType = sourcecode.c.h; path = DynamicMenuViewController.h; sourceTree = "<group>"; };
		EEEB3FFE1CF46B8900E0FE38 /* DynamicMenuViewController.m */ = {isa = PBXFileReference; fileEncoding = 4; lastKnownFileType = sourcecode.c.objc; path = DynamicMenuViewController.m; sourceTree = "<group>"; };
		EEEB40001CF46BB500E0FE38 /* CircleLHQView.h */ = {isa = PBXFileReference; fileEncoding = 4; lastKnownFileType = sourcecode.c.h; path = CircleLHQView.h; sourceTree = "<group>"; };
		EEEB40011CF46BB500E0FE38 /* CircleLHQView.m */ = {isa = PBXFileReference; fileEncoding = 4; lastKnownFileType = sourcecode.c.objc; path = CircleLHQView.m; sourceTree = "<group>"; };
		EEEB40041CF473AC00E0FE38 /* OtherViewController.swift */ = {isa = PBXFileReference; fileEncoding = 4; lastKnownFileType = sourcecode.swift; path = OtherViewController.swift; sourceTree = "<group>"; };
		EEEB40061CF473AC00E0FE38 /* WaterPrinpleViewController.swift */ = {isa = PBXFileReference; fileEncoding = 4; lastKnownFileType = sourcecode.swift; path = WaterPrinpleViewController.swift; sourceTree = "<group>"; };
		EEEB40081CF473AC00E0FE38 /* AppDelegate.swift */ = {isa = PBXFileReference; fileEncoding = 4; lastKnownFileType = sourcecode.swift; path = AppDelegate.swift; sourceTree = "<group>"; };
		EEEB40091CF473AD00E0FE38 /* Info.plist */ = {isa = PBXFileReference; fileEncoding = 4; lastKnownFileType = text.plist.xml; path = Info.plist; sourceTree = "<group>"; };
		EEEB400A1CF473AD00E0FE38 /* ViewController.swift */ = {isa = PBXFileReference; fileEncoding = 4; lastKnownFileType = sourcecode.swift; path = ViewController.swift; sourceTree = "<group>"; };
		EEEB400C1CF473AD00E0FE38 /* Assets.xcassets */ = {isa = PBXFileReference; lastKnownFileType = folder.assetcatalog; path = Assets.xcassets; sourceTree = "<group>"; };
		EEEB400E1CF473AD00E0FE38 /* Base */ = {isa = PBXFileReference; lastKnownFileType = file.storyboard; name = Base; path = Base.lproj/LaunchScreen.storyboard; sourceTree = "<group>"; };
		EEEB40101CF473AD00E0FE38 /* Base */ = {isa = PBXFileReference; lastKnownFileType = file.storyboard; name = Base; path = Base.lproj/Main.storyboard; sourceTree = "<group>"; };
		EEEBFF961CE3099C00852377 /* SwiftWorld.app */ = {isa = PBXFileReference; explicitFileType = wrapper.application; includeInIndex = 0; path = SwiftWorld.app; sourceTree = BUILT_PRODUCTS_DIR; };
		EEEBFFAA1CE3099C00852377 /* SwiftWorldTests.xctest */ = {isa = PBXFileReference; explicitFileType = wrapper.cfbundle; includeInIndex = 0; path = SwiftWorldTests.xctest; sourceTree = BUILT_PRODUCTS_DIR; };
		EEEBFFAE1CE3099C00852377 /* SwiftWorldTests.swift */ = {isa = PBXFileReference; lastKnownFileType = sourcecode.swift; path = SwiftWorldTests.swift; sourceTree = "<group>"; };
		EEEBFFB01CE3099C00852377 /* Info.plist */ = {isa = PBXFileReference; lastKnownFileType = text.plist.xml; path = Info.plist; sourceTree = "<group>"; };
		EEEBFFB51CE3099C00852377 /* SwiftWorldUITests.xctest */ = {isa = PBXFileReference; explicitFileType = wrapper.cfbundle; includeInIndex = 0; path = SwiftWorldUITests.xctest; sourceTree = BUILT_PRODUCTS_DIR; };
		EEEBFFB91CE3099D00852377 /* SwiftWorldUITests.swift */ = {isa = PBXFileReference; lastKnownFileType = sourcecode.swift; path = SwiftWorldUITests.swift; sourceTree = "<group>"; };
		EEEBFFBB1CE3099D00852377 /* Info.plist */ = {isa = PBXFileReference; lastKnownFileType = text.plist.xml; path = Info.plist; sourceTree = "<group>"; };
		EEEE01651CFECD000064439A /* HMCommonViewController.h */ = {isa = PBXFileReference; fileEncoding = 4; lastKnownFileType = sourcecode.c.h; path = HMCommonViewController.h; sourceTree = "<group>"; };
		EEEE01661CFECD000064439A /* HMCommonViewController.m */ = {isa = PBXFileReference; fileEncoding = 4; lastKnownFileType = sourcecode.c.objc; path = HMCommonViewController.m; sourceTree = "<group>"; };
		EEEE01681CFECD000064439A /* HMCommonArrowItem.h */ = {isa = PBXFileReference; fileEncoding = 4; lastKnownFileType = sourcecode.c.h; path = HMCommonArrowItem.h; sourceTree = "<group>"; };
		EEEE01691CFECD000064439A /* HMCommonArrowItem.m */ = {isa = PBXFileReference; fileEncoding = 4; lastKnownFileType = sourcecode.c.objc; path = HMCommonArrowItem.m; sourceTree = "<group>"; };
		EEEE016A1CFECD000064439A /* HMCommonCenterItem.h */ = {isa = PBXFileReference; fileEncoding = 4; lastKnownFileType = sourcecode.c.h; path = HMCommonCenterItem.h; sourceTree = "<group>"; };
		EEEE016B1CFECD000064439A /* HMCommonCenterItem.m */ = {isa = PBXFileReference; fileEncoding = 4; lastKnownFileType = sourcecode.c.objc; path = HMCommonCenterItem.m; sourceTree = "<group>"; };
		EEEE016C1CFECD000064439A /* HMCommonGroup.h */ = {isa = PBXFileReference; fileEncoding = 4; lastKnownFileType = sourcecode.c.h; path = HMCommonGroup.h; sourceTree = "<group>"; };
		EEEE016D1CFECD000064439A /* HMCommonGroup.m */ = {isa = PBXFileReference; fileEncoding = 4; lastKnownFileType = sourcecode.c.objc; path = HMCommonGroup.m; sourceTree = "<group>"; };
		EEEE016E1CFECD000064439A /* HMCommonItem.h */ = {isa = PBXFileReference; fileEncoding = 4; lastKnownFileType = sourcecode.c.h; path = HMCommonItem.h; sourceTree = "<group>"; };
		EEEE016F1CFECD000064439A /* HMCommonItem.m */ = {isa = PBXFileReference; fileEncoding = 4; lastKnownFileType = sourcecode.c.objc; path = HMCommonItem.m; sourceTree = "<group>"; };
		EEEE01701CFECD000064439A /* HMCommonLabelItem.h */ = {isa = PBXFileReference; fileEncoding = 4; lastKnownFileType = sourcecode.c.h; path = HMCommonLabelItem.h; sourceTree = "<group>"; };
		EEEE01711CFECD000064439A /* HMCommonLabelItem.m */ = {isa = PBXFileReference; fileEncoding = 4; lastKnownFileType = sourcecode.c.objc; path = HMCommonLabelItem.m; sourceTree = "<group>"; };
		EEEE01721CFECD000064439A /* HMCommonSwitchItem.h */ = {isa = PBXFileReference; fileEncoding = 4; lastKnownFileType = sourcecode.c.h; path = HMCommonSwitchItem.h; sourceTree = "<group>"; };
		EEEE01731CFECD000064439A /* HMCommonSwitchItem.m */ = {isa = PBXFileReference; fileEncoding = 4; lastKnownFileType = sourcecode.c.objc; path = HMCommonSwitchItem.m; sourceTree = "<group>"; };
		EEEE01751CFECD000064439A /* HMBadgeView.h */ = {isa = PBXFileReference; fileEncoding = 4; lastKnownFileType = sourcecode.c.h; path = HMBadgeView.h; sourceTree = "<group>"; };
		EEEE01761CFECD000064439A /* HMBadgeView.m */ = {isa = PBXFileReference; fileEncoding = 4; lastKnownFileType = sourcecode.c.objc; path = HMBadgeView.m; sourceTree = "<group>"; };
		EEEE01771CFECD000064439A /* HMCommonCell.h */ = {isa = PBXFileReference; fileEncoding = 4; lastKnownFileType = sourcecode.c.h; path = HMCommonCell.h; sourceTree = "<group>"; };
		EEEE01781CFECD000064439A /* HMCommonCell.m */ = {isa = PBXFileReference; fileEncoding = 4; lastKnownFileType = sourcecode.c.objc; path = HMCommonCell.m; sourceTree = "<group>"; };
		EEEE01821CFECD390064439A /* TableViewModelController.swift */ = {isa = PBXFileReference; fileEncoding = 4; lastKnownFileType = sourcecode.swift; path = TableViewModelController.swift; sourceTree = "<group>"; };
		EEEE01841CFED2240064439A /* CellPopViewController.swift */ = {isa = PBXFileReference; fileEncoding = 4; lastKnownFileType = sourcecode.swift; name = CellPopViewController.swift; path = Common/CellPopViewController.swift; sourceTree = "<group>"; };
		EEEE01861CFED60A0064439A /* Foundation+Log.m */ = {isa = PBXFileReference; fileEncoding = 4; lastKnownFileType = sourcecode.c.objc; path = "Foundation+Log.m"; sourceTree = "<group>"; };
		EEEE01871CFED60A0064439A /* NSDate+MJ.h */ = {isa = PBXFileReference; fileEncoding = 4; lastKnownFileType = sourcecode.c.h; path = "NSDate+MJ.h"; sourceTree = "<group>"; };
		EEEE01881CFED60A0064439A /* NSDate+MJ.m */ = {isa = PBXFileReference; fileEncoding = 4; lastKnownFileType = sourcecode.c.objc; path = "NSDate+MJ.m"; sourceTree = "<group>"; };
		EEEE018E1CFED6D60064439A /* NSString+Extension.h */ = {isa = PBXFileReference; fileEncoding = 4; lastKnownFileType = sourcecode.c.h; path = "NSString+Extension.h"; sourceTree = "<group>"; };
		EEEE018F1CFED6D60064439A /* NSString+Extension.m */ = {isa = PBXFileReference; fileEncoding = 4; lastKnownFileType = sourcecode.c.objc; path = "NSString+Extension.m"; sourceTree = "<group>"; };
		EEF1F9A11CFBD4C30080BEFD /* UIBarButtonItem+Extension.h */ = {isa = PBXFileReference; fileEncoding = 4; lastKnownFileType = sourcecode.c.h; path = "UIBarButtonItem+Extension.h"; sourceTree = "<group>"; };
		EEF1F9A21CFBD4C30080BEFD /* UIBarButtonItem+Extension.m */ = {isa = PBXFileReference; fileEncoding = 4; lastKnownFileType = sourcecode.c.objc; path = "UIBarButtonItem+Extension.m"; sourceTree = "<group>"; };
		EEF1F9A31CFBD4C30080BEFD /* UIImage+Extension.h */ = {isa = PBXFileReference; fileEncoding = 4; lastKnownFileType = sourcecode.c.h; path = "UIImage+Extension.h"; sourceTree = "<group>"; };
		EEF1F9A41CFBD4C30080BEFD /* UIImage+Extension.m */ = {isa = PBXFileReference; fileEncoding = 4; lastKnownFileType = sourcecode.c.objc; path = "UIImage+Extension.m"; sourceTree = "<group>"; };
		EEF1F9A51CFBD4C30080BEFD /* UIView+Extension.h */ = {isa = PBXFileReference; fileEncoding = 4; lastKnownFileType = sourcecode.c.h; path = "UIView+Extension.h"; sourceTree = "<group>"; };
		EEF1F9A61CFBD4C30080BEFD /* UIView+Extension.m */ = {isa = PBXFileReference; fileEncoding = 4; lastKnownFileType = sourcecode.c.objc; path = "UIView+Extension.m"; sourceTree = "<group>"; };
		EEF1F9AC1CFBD4D20080BEFD /* HMMainViewController.h */ = {isa = PBXFileReference; fileEncoding = 4; lastKnownFileType = sourcecode.c.h; path = HMMainViewController.h; sourceTree = "<group>"; };
		EEF1F9AD1CFBD4D20080BEFD /* HMMainViewController.m */ = {isa = PBXFileReference; fileEncoding = 4; lastKnownFileType = sourcecode.c.objc; path = HMMainViewController.m; sourceTree = "<group>"; };
		EEF1F9AE1CFBD4D20080BEFD /* HMNavigationController.h */ = {isa = PBXFileReference; fileEncoding = 4; lastKnownFileType = sourcecode.c.h; path = HMNavigationController.h; sourceTree = "<group>"; };
		EEF1F9AF1CFBD4D20080BEFD /* HMNavigationController.m */ = {isa = PBXFileReference; fileEncoding = 4; lastKnownFileType = sourcecode.c.objc; path = HMNavigationController.m; sourceTree = "<group>"; };
		EEF1F9B01CFBD4D20080BEFD /* HMNewsViewController.h */ = {isa = PBXFileReference; fileEncoding = 4; lastKnownFileType = sourcecode.c.h; path = HMNewsViewController.h; sourceTree = "<group>"; };
		EEF1F9B11CFBD4D20080BEFD /* HMNewsViewController.m */ = {isa = PBXFileReference; fileEncoding = 4; lastKnownFileType = sourcecode.c.objc; path = HMNewsViewController.m; sourceTree = "<group>"; };
		EEF1F9B21CFBD4D20080BEFD /* HMReadingViewController.h */ = {isa = PBXFileReference; fileEncoding = 4; lastKnownFileType = sourcecode.c.h; path = HMReadingViewController.h; sourceTree = "<group>"; };
		EEF1F9B31CFBD4D20080BEFD /* HMReadingViewController.m */ = {isa = PBXFileReference; fileEncoding = 4; lastKnownFileType = sourcecode.c.objc; path = HMReadingViewController.m; sourceTree = "<group>"; };
		EEF1F9B51CFBD4D20080BEFD /* HMLeftMenu.h */ = {isa = PBXFileReference; fileEncoding = 4; lastKnownFileType = sourcecode.c.h; path = HMLeftMenu.h; sourceTree = "<group>"; };
		EEF1F9B61CFBD4D20080BEFD /* HMLeftMenu.m */ = {isa = PBXFileReference; fileEncoding = 4; lastKnownFileType = sourcecode.c.objc; path = HMLeftMenu.m; sourceTree = "<group>"; };
		EEF1F9B71CFBD4D20080BEFD /* HMTitleView.h */ = {isa = PBXFileReference; fileEncoding = 4; lastKnownFileType = sourcecode.c.h; path = HMTitleView.h; sourceTree = "<group>"; };
		EEF1F9B81CFBD4D20080BEFD /* HMTitleView.m */ = {isa = PBXFileReference; fileEncoding = 4; lastKnownFileType = sourcecode.c.objc; path = HMTitleView.m; sourceTree = "<group>"; };
		EEF1F9BF1CFBD62A0080BEFD /* netease.pch */ = {isa = PBXFileReference; lastKnownFileType = sourcecode.c.h; path = netease.pch; sourceTree = "<group>"; };
		EEF1F9C61CFC36670080BEFD /* DataViewController.swift */ = {isa = PBXFileReference; fileEncoding = 4; lastKnownFileType = sourcecode.swift; path = DataViewController.swift; sourceTree = "<group>"; };
		EEF1F9C81CFC36EB0080BEFD /* BookModel.swift */ = {isa = PBXFileReference; fileEncoding = 4; lastKnownFileType = sourcecode.swift; path = BookModel.swift; sourceTree = "<group>"; };
/* End PBXFileReference section */

/* Begin PBXFrameworksBuildPhase section */
		EEEBFF931CE3099C00852377 /* Frameworks */ = {
			isa = PBXFrameworksBuildPhase;
			buildActionMask = 2147483647;
			files = (
			);
			runOnlyForDeploymentPostprocessing = 0;
		};
		EEEBFFA71CE3099C00852377 /* Frameworks */ = {
			isa = PBXFrameworksBuildPhase;
			buildActionMask = 2147483647;
			files = (
			);
			runOnlyForDeploymentPostprocessing = 0;
		};
		EEEBFFB21CE3099C00852377 /* Frameworks */ = {
			isa = PBXFrameworksBuildPhase;
			buildActionMask = 2147483647;
			files = (
			);
			runOnlyForDeploymentPostprocessing = 0;
		};
/* End PBXFrameworksBuildPhase section */

/* Begin PBXGroup section */
		8199C9DE53A7540DA11393FB /* Frameworks */ = {
			isa = PBXGroup;
			children = (
			);
			name = Frameworks;
			sourceTree = "<group>";
		};
		EE4BDF2B1CFEE67900CC8520 /* CoreText */ = {
			isa = PBXGroup;
			children = (
				EE4BDF2C1CFEE69400CC8520 /* CustomView.swift */,
			);
			path = CoreText;
			sourceTree = "<group>";
		};
		EEDC57741CF6F3AA002F85CD /* 弹出框 */ = {
			isa = PBXGroup;
			children = (
				EEDC57751CF6F3AA002F85CD /* CMPopTipView.swift */,
				EEE9AA2F1CF7E403008DF1CB /* PopViewController.swift */,
				EEE9AA301CF7E403008DF1CB /* PopViewController.xib */,
			);
			path = "弹出框";
			sourceTree = "<group>";
		};
		EEEB3FF21CF4207B00E0FE38 /* 动态菜单 */ = {
			isa = PBXGroup;
			children = (
				EEEB3FFD1CF46B8900E0FE38 /* DynamicMenuViewController.h */,
				EEEB3FFE1CF46B8900E0FE38 /* DynamicMenuViewController.m */,
				EEEB3FFC1CF46B8800E0FE38 /* SwiftWorld-Bridging-Header.h */,
				EEEB40001CF46BB500E0FE38 /* CircleLHQView.h */,
				EEEB40011CF46BB500E0FE38 /* CircleLHQView.m */,
			);
			path = "动态菜单";
			sourceTree = "<group>";
		};
		EEEB40031CF473AC00E0FE38 /* 其他 */ = {
			isa = PBXGroup;
			children = (
				EEEB40041CF473AC00E0FE38 /* OtherViewController.swift */,
			);
			path = "其他";
			sourceTree = "<group>";
		};
		EEEB40051CF473AC00E0FE38 /* 水波纹 */ = {
			isa = PBXGroup;
			children = (
				EEEB40061CF473AC00E0FE38 /* WaterPrinpleViewController.swift */,
			);
			path = "水波纹";
			sourceTree = "<group>";
		};
		EEEB40071CF473AC00E0FE38 /* Main */ = {
			isa = PBXGroup;
			children = (
				EEEB40081CF473AC00E0FE38 /* AppDelegate.swift */,
				EEEB40091CF473AD00E0FE38 /* Info.plist */,
				EEEB400A1CF473AD00E0FE38 /* ViewController.swift */,
			);
			path = Main;
			sourceTree = "<group>";
		};
		EEEB400B1CF473AD00E0FE38 /* Other */ = {
			isa = PBXGroup;
			children = (
				EEEB400C1CF473AD00E0FE38 /* Assets.xcassets */,
				EEEB400D1CF473AD00E0FE38 /* LaunchScreen.storyboard */,
				EEEB400F1CF473AD00E0FE38 /* Main.storyboard */,
				EEF1F9BF1CFBD62A0080BEFD /* netease.pch */,
			);
			path = Other;
			sourceTree = "<group>";
		};
		EEEB40111CF473AD00E0FE38 /* SupportingFiles */ = {
			isa = PBXGroup;
			children = (
				EEEE018E1CFED6D60064439A /* NSString+Extension.h */,
				EEEE018F1CFED6D60064439A /* NSString+Extension.m */,
				EEEE01861CFED60A0064439A /* Foundation+Log.m */,
				EEEE01871CFED60A0064439A /* NSDate+MJ.h */,
				EEEE01881CFED60A0064439A /* NSDate+MJ.m */,
				EEF1F9A11CFBD4C30080BEFD /* UIBarButtonItem+Extension.h */,
				EEF1F9A21CFBD4C30080BEFD /* UIBarButtonItem+Extension.m */,
				EEF1F9A31CFBD4C30080BEFD /* UIImage+Extension.h */,
				EEF1F9A41CFBD4C30080BEFD /* UIImage+Extension.m */,
				EEF1F9A51CFBD4C30080BEFD /* UIView+Extension.h */,
				EEF1F9A61CFBD4C30080BEFD /* UIView+Extension.m */,
			);
			path = SupportingFiles;
			sourceTree = "<group>";
		};
		EEEB40211CF473AD00E0FE38 /* Tool */ = {
			isa = PBXGroup;
			children = (
			);
			path = Tool;
			sourceTree = "<group>";
		};
		EEEBFF8D1CE3099C00852377 = {
			isa = PBXGroup;
			children = (
				EEEBFF981CE3099C00852377 /* SwiftWorld */,
				EEEBFFAD1CE3099C00852377 /* SwiftWorldTests */,
				EEEBFFB81CE3099C00852377 /* SwiftWorldUITests */,
				EEEBFF971CE3099C00852377 /* Products */,
				8199C9DE53A7540DA11393FB /* Frameworks */,
			);
			sourceTree = "<group>";
		};
		EEEBFF971CE3099C00852377 /* Products */ = {
			isa = PBXGroup;
			children = (
				EEEBFF961CE3099C00852377 /* SwiftWorld.app */,
				EEEBFFAA1CE3099C00852377 /* SwiftWorldTests.xctest */,
				EEEBFFB51CE3099C00852377 /* SwiftWorldUITests.xctest */,
			);
			name = Products;
			sourceTree = "<group>";
		};
		EEEBFF981CE3099C00852377 /* SwiftWorld */ = {
			isa = PBXGroup;
			children = (
				EE4BDF2B1CFEE67900CC8520 /* CoreText */,
				EEEE01621CFECD000064439A /* 列表模型 */,
				EEF1F9C51CFC36470080BEFD /* 数据存储 */,
				EEF1F9AA1CFBD4D10080BEFD /* 侧边栏 */,
				EEDC57741CF6F3AA002F85CD /* 弹出框 */,
				EEEB40031CF473AC00E0FE38 /* 其他 */,
				EEEB40051CF473AC00E0FE38 /* 水波纹 */,
				EEEB40071CF473AC00E0FE38 /* Main */,
				EEEB400B1CF473AD00E0FE38 /* Other */,
				EEEB40111CF473AD00E0FE38 /* SupportingFiles */,
				EEEB40211CF473AD00E0FE38 /* Tool */,
				EEEB3FF21CF4207B00E0FE38 /* 动态菜单 */,
			);
			path = SwiftWorld;
			sourceTree = "<group>";
		};
		EEEBFFAD1CE3099C00852377 /* SwiftWorldTests */ = {
			isa = PBXGroup;
			children = (
				EEEBFFAE1CE3099C00852377 /* SwiftWorldTests.swift */,
				EEEBFFB01CE3099C00852377 /* Info.plist */,
			);
			path = SwiftWorldTests;
			sourceTree = "<group>";
		};
		EEEBFFB81CE3099C00852377 /* SwiftWorldUITests */ = {
			isa = PBXGroup;
			children = (
				EEEBFFB91CE3099D00852377 /* SwiftWorldUITests.swift */,
				EEEBFFBB1CE3099D00852377 /* Info.plist */,
			);
			path = SwiftWorldUITests;
			sourceTree = "<group>";
		};
		EEEE01621CFECD000064439A /* 列表模型 */ = {
			isa = PBXGroup;
			children = (
				EEEE01821CFECD390064439A /* TableViewModelController.swift */,
				EEEE01841CFED2240064439A /* CellPopViewController.swift */,
				EEEE01631CFECD000064439A /* Common */,
			);
			path = "列表模型";
			sourceTree = "<group>";
		};
		EEEE01631CFECD000064439A /* Common */ = {
			isa = PBXGroup;
			children = (
				EEEE01641CFECD000064439A /* Controller */,
				EEEE01671CFECD000064439A /* Model */,
				EEEE01741CFECD000064439A /* View */,
			);
			path = Common;
			sourceTree = "<group>";
		};
		EEEE01641CFECD000064439A /* Controller */ = {
			isa = PBXGroup;
			children = (
				EEEE01651CFECD000064439A /* HMCommonViewController.h */,
				EEEE01661CFECD000064439A /* HMCommonViewController.m */,
			);
			path = Controller;
			sourceTree = "<group>";
		};
		EEEE01671CFECD000064439A /* Model */ = {
			isa = PBXGroup;
			children = (
				EEEE01681CFECD000064439A /* HMCommonArrowItem.h */,
				EEEE01691CFECD000064439A /* HMCommonArrowItem.m */,
				EEEE016A1CFECD000064439A /* HMCommonCenterItem.h */,
				EEEE016B1CFECD000064439A /* HMCommonCenterItem.m */,
				EEEE016C1CFECD000064439A /* HMCommonGroup.h */,
				EEEE016D1CFECD000064439A /* HMCommonGroup.m */,
				EEEE016E1CFECD000064439A /* HMCommonItem.h */,
				EEEE016F1CFECD000064439A /* HMCommonItem.m */,
				EEEE01701CFECD000064439A /* HMCommonLabelItem.h */,
				EEEE01711CFECD000064439A /* HMCommonLabelItem.m */,
				EEEE01721CFECD000064439A /* HMCommonSwitchItem.h */,
				EEEE01731CFECD000064439A /* HMCommonSwitchItem.m */,
			);
			path = Model;
			sourceTree = "<group>";
		};
		EEEE01741CFECD000064439A /* View */ = {
			isa = PBXGroup;
			children = (
				EEEE01751CFECD000064439A /* HMBadgeView.h */,
				EEEE01761CFECD000064439A /* HMBadgeView.m */,
				EEEE01771CFECD000064439A /* HMCommonCell.h */,
				EEEE01781CFECD000064439A /* HMCommonCell.m */,
			);
			path = View;
			sourceTree = "<group>";
		};
		EEF1F9AA1CFBD4D10080BEFD /* 侧边栏 */ = {
			isa = PBXGroup;
			children = (
				EEF1F9AB1CFBD4D20080BEFD /* Controller */,
				EEF1F9B41CFBD4D20080BEFD /* View */,
			);
			path = "侧边栏";
			sourceTree = "<group>";
		};
		EEF1F9AB1CFBD4D20080BEFD /* Controller */ = {
			isa = PBXGroup;
			children = (
				EEF1F9AC1CFBD4D20080BEFD /* HMMainViewController.h */,
				EEF1F9AD1CFBD4D20080BEFD /* HMMainViewController.m */,
				EEF1F9AE1CFBD4D20080BEFD /* HMNavigationController.h */,
				EEF1F9AF1CFBD4D20080BEFD /* HMNavigationController.m */,
				EEF1F9B01CFBD4D20080BEFD /* HMNewsViewController.h */,
				EEF1F9B11CFBD4D20080BEFD /* HMNewsViewController.m */,
				EEF1F9B21CFBD4D20080BEFD /* HMReadingViewController.h */,
				EEF1F9B31CFBD4D20080BEFD /* HMReadingViewController.m */,
			);
			path = Controller;
			sourceTree = "<group>";
		};
		EEF1F9B41CFBD4D20080BEFD /* View */ = {
			isa = PBXGroup;
			children = (
				EEF1F9B51CFBD4D20080BEFD /* HMLeftMenu.h */,
				EEF1F9B61CFBD4D20080BEFD /* HMLeftMenu.m */,
				EEF1F9B71CFBD4D20080BEFD /* HMTitleView.h */,
				EEF1F9B81CFBD4D20080BEFD /* HMTitleView.m */,
			);
			path = View;
			sourceTree = "<group>";
		};
		EEF1F9C51CFC36470080BEFD /* 数据存储 */ = {
			isa = PBXGroup;
			children = (
				EEF1F9C61CFC36670080BEFD /* DataViewController.swift */,
				EEF1F9C81CFC36EB0080BEFD /* BookModel.swift */,
			);
			path = "数据存储";
			sourceTree = "<group>";
		};
/* End PBXGroup section */

/* Begin PBXNativeTarget section */
		EEEBFF951CE3099C00852377 /* SwiftWorld */ = {
			isa = PBXNativeTarget;
			buildConfigurationList = EEEBFFBE1CE3099D00852377 /* Build configuration list for PBXNativeTarget "SwiftWorld" */;
			buildPhases = (
				EEEBFF921CE3099C00852377 /* Sources */,
				EEEBFF931CE3099C00852377 /* Frameworks */,
				EEEBFF941CE3099C00852377 /* Resources */,
				EEDC56D81CF69F3E002F85CD /* Embed Frameworks */,
			);
			buildRules = (
			);
			dependencies = (
			);
			name = SwiftWorld;
			productName = SwiftWorld;
			productReference = EEEBFF961CE3099C00852377 /* SwiftWorld.app */;
			productType = "com.apple.product-type.application";
		};
		EEEBFFA91CE3099C00852377 /* SwiftWorldTests */ = {
			isa = PBXNativeTarget;
			buildConfigurationList = EEEBFFC11CE3099D00852377 /* Build configuration list for PBXNativeTarget "SwiftWorldTests" */;
			buildPhases = (
				EEEBFFA61CE3099C00852377 /* Sources */,
				EEEBFFA71CE3099C00852377 /* Frameworks */,
				EEEBFFA81CE3099C00852377 /* Resources */,
			);
			buildRules = (
			);
			dependencies = (
				EEEBFFAC1CE3099C00852377 /* PBXTargetDependency */,
			);
			name = SwiftWorldTests;
			productName = SwiftWorldTests;
			productReference = EEEBFFAA1CE3099C00852377 /* SwiftWorldTests.xctest */;
			productType = "com.apple.product-type.bundle.unit-test";
		};
		EEEBFFB41CE3099C00852377 /* SwiftWorldUITests */ = {
			isa = PBXNativeTarget;
			buildConfigurationList = EEEBFFC41CE3099D00852377 /* Build configuration list for PBXNativeTarget "SwiftWorldUITests" */;
			buildPhases = (
				EEEBFFB11CE3099C00852377 /* Sources */,
				EEEBFFB21CE3099C00852377 /* Frameworks */,
				EEEBFFB31CE3099C00852377 /* Resources */,
			);
			buildRules = (
			);
			dependencies = (
				EEEBFFB71CE3099C00852377 /* PBXTargetDependency */,
			);
			name = SwiftWorldUITests;
			productName = SwiftWorldUITests;
			productReference = EEEBFFB51CE3099C00852377 /* SwiftWorldUITests.xctest */;
			productType = "com.apple.product-type.bundle.ui-testing";
		};
/* End PBXNativeTarget section */

/* Begin PBXProject section */
		EEEBFF8E1CE3099C00852377 /* Project object */ = {
			isa = PBXProject;
			attributes = {
				LastSwiftUpdateCheck = 0720;
				LastUpgradeCheck = 0720;
				ORGANIZATIONNAME = Groupfly;
				TargetAttributes = {
					EEEBFF951CE3099C00852377 = {
						CreatedOnToolsVersion = 7.2;
					};
					EEEBFFA91CE3099C00852377 = {
						CreatedOnToolsVersion = 7.2;
						TestTargetID = EEEBFF951CE3099C00852377;
					};
					EEEBFFB41CE3099C00852377 = {
						CreatedOnToolsVersion = 7.2;
						TestTargetID = EEEBFF951CE3099C00852377;
					};
				};
			};
			buildConfigurationList = EEEBFF911CE3099C00852377 /* Build configuration list for PBXProject "SwiftWorld" */;
			compatibilityVersion = "Xcode 3.2";
			developmentRegion = English;
			hasScannedForEncodings = 0;
			knownRegions = (
				en,
				Base,
			);
			mainGroup = EEEBFF8D1CE3099C00852377;
			productRefGroup = EEEBFF971CE3099C00852377 /* Products */;
			projectDirPath = "";
			projectRoot = "";
			targets = (
				EEEBFF951CE3099C00852377 /* SwiftWorld */,
				EEEBFFA91CE3099C00852377 /* SwiftWorldTests */,
				EEEBFFB41CE3099C00852377 /* SwiftWorldUITests */,
			);
		};
/* End PBXProject section */

/* Begin PBXResourcesBuildPhase section */
		EEEBFF941CE3099C00852377 /* Resources */ = {
			isa = PBXResourcesBuildPhase;
			buildActionMask = 2147483647;
			files = (
				EEE9AA321CF7E403008DF1CB /* PopViewController.xib in Resources */,
				EEEB40281CF473AD00E0FE38 /* LaunchScreen.storyboard in Resources */,
				EEEB40271CF473AD00E0FE38 /* Assets.xcassets in Resources */,
				EEEB40291CF473AD00E0FE38 /* Main.storyboard in Resources */,
			);
			runOnlyForDeploymentPostprocessing = 0;
		};
		EEEBFFA81CE3099C00852377 /* Resources */ = {
			isa = PBXResourcesBuildPhase;
			buildActionMask = 2147483647;
			files = (
			);
			runOnlyForDeploymentPostprocessing = 0;
		};
		EEEBFFB31CE3099C00852377 /* Resources */ = {
			isa = PBXResourcesBuildPhase;
			buildActionMask = 2147483647;
			files = (
			);
			runOnlyForDeploymentPostprocessing = 0;
		};
/* End PBXResourcesBuildPhase section */

/* Begin PBXSourcesBuildPhase section */
		EEEBFF921CE3099C00852377 /* Sources */ = {
			isa = PBXSourcesBuildPhase;
			buildActionMask = 2147483647;
			files = (
				EEE9AA311CF7E403008DF1CB /* PopViewController.swift in Sources */,
				EEEE017C1CFECD000064439A /* HMCommonGroup.m in Sources */,
				EEEB40261CF473AD00E0FE38 /* ViewController.swift in Sources */,
				EEEE017A1CFECD000064439A /* HMCommonArrowItem.m in Sources */,
				EEF1F9BE1CFBD4D20080BEFD /* HMTitleView.m in Sources */,
				EEF1F9BC1CFBD4D20080BEFD /* HMReadingViewController.m in Sources */,
				EEF1F9C91CFC36EB0080BEFD /* BookModel.swift in Sources */,
				EEEE018C1CFED60A0064439A /* NSDate+MJ.m in Sources */,
				EEEE01811CFECD000064439A /* HMCommonCell.m in Sources */,
				EE4BDF2D1CFEE69400CC8520 /* CustomView.swift in Sources */,
				EEF1F9A91CFBD4C30080BEFD /* UIView+Extension.m in Sources */,
				EEEB40021CF46BB500E0FE38 /* CircleLHQView.m in Sources */,
				EEDC57761CF6F3AA002F85CD /* CMPopTipView.swift in Sources */,
				EEEB40221CF473AD00E0FE38 /* OtherViewController.swift in Sources */,
				EEF1F9B91CFBD4D20080BEFD /* HMMainViewController.m in Sources */,
				EEF1F9A81CFBD4C30080BEFD /* UIImage+Extension.m in Sources */,
				EEEE01831CFECD390064439A /* TableViewModelController.swift in Sources */,
				EEEE01901CFED6D60064439A /* NSString+Extension.m in Sources */,
				EEF1F9C71CFC36670080BEFD /* DataViewController.swift in Sources */,
				EEEB40231CF473AD00E0FE38 /* WaterPrinpleViewController.swift in Sources */,
				EEF1F9A71CFBD4C30080BEFD /* UIBarButtonItem+Extension.m in Sources */,
				EEF1F9BB1CFBD4D20080BEFD /* HMNewsViewController.m in Sources */,
				EEF1F9BD1CFBD4D20080BEFD /* HMLeftMenu.m in Sources */,
				EEEE01851CFED2240064439A /* CellPopViewController.swift in Sources */,
				EEEE01791CFECD000064439A /* HMCommonViewController.m in Sources */,
				EEF1F9BA1CFBD4D20080BEFD /* HMNavigationController.m in Sources */,
				EEEB40241CF473AD00E0FE38 /* AppDelegate.swift in Sources */,
				EEEE018B1CFED60A0064439A /* Foundation+Log.m in Sources */,
				EEEB3FFF1CF46B8900E0FE38 /* DynamicMenuViewController.m in Sources */,
				EEEE017F1CFECD000064439A /* HMCommonSwitchItem.m in Sources */,
				EEEE017D1CFECD000064439A /* HMCommonItem.m in Sources */,
				EEEE017B1CFECD000064439A /* HMCommonCenterItem.m in Sources */,
				EEEE01801CFECD000064439A /* HMBadgeView.m in Sources */,
				EEEE017E1CFECD000064439A /* HMCommonLabelItem.m in Sources */,
			);
			runOnlyForDeploymentPostprocessing = 0;
		};
		EEEBFFA61CE3099C00852377 /* Sources */ = {
			isa = PBXSourcesBuildPhase;
			buildActionMask = 2147483647;
			files = (
				EEEBFFAF1CE3099C00852377 /* SwiftWorldTests.swift in Sources */,
			);
			runOnlyForDeploymentPostprocessing = 0;
		};
		EEEBFFB11CE3099C00852377 /* Sources */ = {
			isa = PBXSourcesBuildPhase;
			buildActionMask = 2147483647;
			files = (
				EEEBFFBA1CE3099D00852377 /* SwiftWorldUITests.swift in Sources */,
			);
			runOnlyForDeploymentPostprocessing = 0;
		};
/* End PBXSourcesBuildPhase section */

/* Begin PBXTargetDependency section */
		EEEBFFAC1CE3099C00852377 /* PBXTargetDependency */ = {
			isa = PBXTargetDependency;
			target = EEEBFF951CE3099C00852377 /* SwiftWorld */;
			targetProxy = EEEBFFAB1CE3099C00852377 /* PBXContainerItemProxy */;
		};
		EEEBFFB71CE3099C00852377 /* PBXTargetDependency */ = {
			isa = PBXTargetDependency;
			target = EEEBFF951CE3099C00852377 /* SwiftWorld */;
			targetProxy = EEEBFFB61CE3099C00852377 /* PBXContainerItemProxy */;
		};
/* End PBXTargetDependency section */

/* Begin PBXVariantGroup section */
		EEEB400D1CF473AD00E0FE38 /* LaunchScreen.storyboard */ = {
			isa = PBXVariantGroup;
			children = (
				EEEB400E1CF473AD00E0FE38 /* Base */,
			);
			name = LaunchScreen.storyboard;
			sourceTree = "<group>";
		};
		EEEB400F1CF473AD00E0FE38 /* Main.storyboard */ = {
			isa = PBXVariantGroup;
			children = (
				EEEB40101CF473AD00E0FE38 /* Base */,
			);
			name = Main.storyboard;
			sourceTree = "<group>";
		};
/* End PBXVariantGroup section */

/* Begin XCBuildConfiguration section */
		EEEBFFBC1CE3099D00852377 /* Debug */ = {
			isa = XCBuildConfiguration;
			buildSettings = {
				ALWAYS_SEARCH_USER_PATHS = NO;
				CLANG_CXX_LANGUAGE_STANDARD = "gnu++0x";
				CLANG_CXX_LIBRARY = "libc++";
				CLANG_ENABLE_MODULES = YES;
				CLANG_ENABLE_OBJC_ARC = YES;
				CLANG_WARN_BOOL_CONVERSION = YES;
				CLANG_WARN_CONSTANT_CONVERSION = YES;
				CLANG_WARN_DIRECT_OBJC_ISA_USAGE = YES_ERROR;
				CLANG_WARN_EMPTY_BODY = YES;
				CLANG_WARN_ENUM_CONVERSION = YES;
				CLANG_WARN_INT_CONVERSION = YES;
				CLANG_WARN_OBJC_ROOT_CLASS = YES_ERROR;
				CLANG_WARN_UNREACHABLE_CODE = YES;
				CLANG_WARN__DUPLICATE_METHOD_MATCH = YES;
				"CODE_SIGN_IDENTITY[sdk=iphoneos*]" = "iPhone Developer";
				COPY_PHASE_STRIP = NO;
				DEBUG_INFORMATION_FORMAT = dwarf;
				ENABLE_STRICT_OBJC_MSGSEND = YES;
				ENABLE_TESTABILITY = YES;
				GCC_C_LANGUAGE_STANDARD = gnu99;
				GCC_DYNAMIC_NO_PIC = NO;
				GCC_NO_COMMON_BLOCKS = YES;
				GCC_OPTIMIZATION_LEVEL = 0;
				GCC_PREPROCESSOR_DEFINITIONS = (
					"DEBUG=1",
					"$(inherited)",
				);
				GCC_WARN_64_TO_32_BIT_CONVERSION = YES;
				GCC_WARN_ABOUT_RETURN_TYPE = YES_ERROR;
				GCC_WARN_UNDECLARED_SELECTOR = YES;
				GCC_WARN_UNINITIALIZED_AUTOS = YES_AGGRESSIVE;
				GCC_WARN_UNUSED_FUNCTION = YES;
				GCC_WARN_UNUSED_VARIABLE = YES;
				IPHONEOS_DEPLOYMENT_TARGET = 7.1;
				MTL_ENABLE_DEBUG_INFO = YES;
				ONLY_ACTIVE_ARCH = YES;
				OTHER_SWIFT_FLAGS = "";
				SDKROOT = iphoneos;
				SWIFT_OPTIMIZATION_LEVEL = "-Onone";
			};
			name = Debug;
		};
		EEEBFFBD1CE3099D00852377 /* Release */ = {
			isa = XCBuildConfiguration;
			buildSettings = {
				ALWAYS_SEARCH_USER_PATHS = NO;
				CLANG_CXX_LANGUAGE_STANDARD = "gnu++0x";
				CLANG_CXX_LIBRARY = "libc++";
				CLANG_ENABLE_MODULES = YES;
				CLANG_ENABLE_OBJC_ARC = YES;
				CLANG_WARN_BOOL_CONVERSION = YES;
				CLANG_WARN_CONSTANT_CONVERSION = YES;
				CLANG_WARN_DIRECT_OBJC_ISA_USAGE = YES_ERROR;
				CLANG_WARN_EMPTY_BODY = YES;
				CLANG_WARN_ENUM_CONVERSION = YES;
				CLANG_WARN_INT_CONVERSION = YES;
				CLANG_WARN_OBJC_ROOT_CLASS = YES_ERROR;
				CLANG_WARN_UNREACHABLE_CODE = YES;
				CLANG_WARN__DUPLICATE_METHOD_MATCH = YES;
				"CODE_SIGN_IDENTITY[sdk=iphoneos*]" = "iPhone Developer";
				COPY_PHASE_STRIP = NO;
				DEBUG_INFORMATION_FORMAT = "dwarf-with-dsym";
				ENABLE_NS_ASSERTIONS = NO;
				ENABLE_STRICT_OBJC_MSGSEND = YES;
				GCC_C_LANGUAGE_STANDARD = gnu99;
				GCC_NO_COMMON_BLOCKS = YES;
				GCC_WARN_64_TO_32_BIT_CONVERSION = YES;
				GCC_WARN_ABOUT_RETURN_TYPE = YES_ERROR;
				GCC_WARN_UNDECLARED_SELECTOR = YES;
				GCC_WARN_UNINITIALIZED_AUTOS = YES_AGGRESSIVE;
				GCC_WARN_UNUSED_FUNCTION = YES;
				GCC_WARN_UNUSED_VARIABLE = YES;
				IPHONEOS_DEPLOYMENT_TARGET = 7.1;
				MTL_ENABLE_DEBUG_INFO = NO;
				OTHER_SWIFT_FLAGS = "";
				SDKROOT = iphoneos;
				VALIDATE_PRODUCT = YES;
			};
			name = Release;
		};
		EEEBFFBF1CE3099D00852377 /* Debug */ = {
			isa = XCBuildConfiguration;
			buildSettings = {
				ASSETCATALOG_COMPILER_APPICON_NAME = AppIcon;
				ASSETCATALOG_COMPILER_LAUNCHIMAGE_NAME = LaunchImage;
				CLANG_ENABLE_MODULES = YES;
				EMBEDDED_CONTENT_CONTAINS_SWIFT = YES;
				FRAMEWORK_SEARCH_PATHS = (
					"$(inherited)",
					"$(PROJECT_DIR)/build/Debug-iphoneos/SnapKit",
				);
				GCC_PREFIX_HEADER = /Users/groupfly/Desktop/Git_SwiftWorld/SwiftWorld/Other/netease.pch;
				INFOPLIST_FILE = "$(SRCROOT)/SwiftWorld/Main/Info.plist";
				LD_RUNPATH_SEARCH_PATHS = "$(inherited) @executable_path/Frameworks";
				OTHER_SWIFT_FLAGS = "";
				PRODUCT_BUNDLE_IDENTIFIER = Groupfly.SwiftWorld;
				PRODUCT_NAME = "$(TARGET_NAME)";
				SWIFT_OBJC_BRIDGING_HEADER = "SwiftWorld/动态菜单/SwiftWorld-Bridging-Header.h";
				SWIFT_OPTIMIZATION_LEVEL = "-Onone";
			};
			name = Debug;
		};
		EEEBFFC01CE3099D00852377 /* Release */ = {
			isa = XCBuildConfiguration;
			buildSettings = {
				ASSETCATALOG_COMPILER_APPICON_NAME = AppIcon;
				ASSETCATALOG_COMPILER_LAUNCHIMAGE_NAME = LaunchImage;
				CLANG_ENABLE_MODULES = YES;
				EMBEDDED_CONTENT_CONTAINS_SWIFT = YES;
				FRAMEWORK_SEARCH_PATHS = (
					"$(inherited)",
					"$(PROJECT_DIR)/build/Debug-iphoneos/SnapKit",
				);
				GCC_PREFIX_HEADER = /Users/groupfly/Desktop/Git_SwiftWorld/SwiftWorld/Other/netease.pch;
				INFOPLIST_FILE = "$(SRCROOT)/SwiftWorld/Main/Info.plist";
				LD_RUNPATH_SEARCH_PATHS = "$(inherited) @executable_path/Frameworks";
				OTHER_SWIFT_FLAGS = "";
				PRODUCT_BUNDLE_IDENTIFIER = Groupfly.SwiftWorld;
				PRODUCT_NAME = "$(TARGET_NAME)";
				SWIFT_OBJC_BRIDGING_HEADER = "SwiftWorld/动态菜单/SwiftWorld-Bridging-Header.h";
			};
			name = Release;
		};
		EEEBFFC21CE3099D00852377 /* Debug */ = {
			isa = XCBuildConfiguration;
			buildSettings = {
				BUNDLE_LOADER = "$(TEST_HOST)";
				INFOPLIST_FILE = SwiftWorldTests/Info.plist;
				LD_RUNPATH_SEARCH_PATHS = "$(inherited) @executable_path/Frameworks @loader_path/Frameworks";
				PRODUCT_BUNDLE_IDENTIFIER = Groupfly.SwiftWorldTests;
				PRODUCT_NAME = "$(TARGET_NAME)";
				TEST_HOST = "$(BUILT_PRODUCTS_DIR)/SwiftWorld.app/SwiftWorld";
			};
			name = Debug;
		};
		EEEBFFC31CE3099D00852377 /* Release */ = {
			isa = XCBuildConfiguration;
			buildSettings = {
				BUNDLE_LOADER = "$(TEST_HOST)";
				INFOPLIST_FILE = SwiftWorldTests/Info.plist;
				LD_RUNPATH_SEARCH_PATHS = "$(inherited) @executable_path/Frameworks @loader_path/Frameworks";
				PRODUCT_BUNDLE_IDENTIFIER = Groupfly.SwiftWorldTests;
				PRODUCT_NAME = "$(TARGET_NAME)";
				TEST_HOST = "$(BUILT_PRODUCTS_DIR)/SwiftWorld.app/SwiftWorld";
			};
			name = Release;
		};
		EEEBFFC51CE3099D00852377 /* Debug */ = {
			isa = XCBuildConfiguration;
			buildSettings = {
				INFOPLIST_FILE = SwiftWorldUITests/Info.plist;
				LD_RUNPATH_SEARCH_PATHS = "$(inherited) @executable_path/Frameworks @loader_path/Frameworks";
				PRODUCT_BUNDLE_IDENTIFIER = Groupfly.SwiftWorldUITests;
				PRODUCT_NAME = "$(TARGET_NAME)";
				TEST_TARGET_NAME = SwiftWorld;
				USES_XCTRUNNER = YES;
			};
			name = Debug;
		};
		EEEBFFC61CE3099D00852377 /* Release */ = {
			isa = XCBuildConfiguration;
			buildSettings = {
				INFOPLIST_FILE = SwiftWorldUITests/Info.plist;
				LD_RUNPATH_SEARCH_PATHS = "$(inherited) @executable_path/Frameworks @loader_path/Frameworks";
				PRODUCT_BUNDLE_IDENTIFIER = Groupfly.SwiftWorldUITests;
				PRODUCT_NAME = "$(TARGET_NAME)";
				TEST_TARGET_NAME = SwiftWorld;
				USES_XCTRUNNER = YES;
			};
			name = Release;
		};
/* End XCBuildConfiguration section */

/* Begin XCConfigurationList section */
		EEEBFF911CE3099C00852377 /* Build configuration list for PBXProject "SwiftWorld" */ = {
			isa = XCConfigurationList;
			buildConfigurations = (
				EEEBFFBC1CE3099D00852377 /* Debug */,
				EEEBFFBD1CE3099D00852377 /* Release */,
			);
			defaultConfigurationIsVisible = 0;
			defaultConfigurationName = Release;
		};
		EEEBFFBE1CE3099D00852377 /* Build configuration list for PBXNativeTarget "SwiftWorld" */ = {
			isa = XCConfigurationList;
			buildConfigurations = (
				EEEBFFBF1CE3099D00852377 /* Debug */,
				EEEBFFC01CE3099D00852377 /* Release */,
			);
			defaultConfigurationIsVisible = 0;
			defaultConfigurationName = Release;
		};
		EEEBFFC11CE3099D00852377 /* Build configuration list for PBXNativeTarget "SwiftWorldTests" */ = {
			isa = XCConfigurationList;
			buildConfigurations = (
				EEEBFFC21CE3099D00852377 /* Debug */,
				EEEBFFC31CE3099D00852377 /* Release */,
			);
			defaultConfigurationIsVisible = 0;
			defaultConfigurationName = Release;
		};
		EEEBFFC41CE3099D00852377 /* Build configuration list for PBXNativeTarget "SwiftWorldUITests" */ = {
			isa = XCConfigurationList;
			buildConfigurations = (
				EEEBFFC51CE3099D00852377 /* Debug */,
				EEEBFFC61CE3099D00852377 /* Release */,
			);
			defaultConfigurationIsVisible = 0;
			defaultConfigurationName = Release;
		};
/* End XCConfigurationList section */
	};
	rootObject = EEEBFF8E1CE3099C00852377 /* Project object */;
}
